hash: 9c2e7db2961d9a1f03f1125ed4452400c9613d0c4245b64613fb2cd43b7bb1c0
updated: 2016-12-14T12:20:00.432410436-05:00
imports:
- name: github.com/evergreen-ci/render
  version: efb1df5f8dc1036d747e92e7b875ebb7557f0173
- name: github.com/gorilla/context
  version: 08b5f424b9271eedf6f9f0ce86cb9396ed337a42
- name: gopkg.in/mgo.v2
  version: 22287bab4379e1fbf6002fb4eb769888f3fb224c
- name: github.com/smartystreets/goconvey
  version: 75bc4a2dad71e5c5b51c5009b33eba766ec57051
- name: github.com/jessevdk/go-flags
  version: c144b8803670469bffe9b9c6bb09c622ead4d900
- name: github.com/codegangsta/negroni
  version: b70baf29f4791cc9f7aa5b5b18a64f152810880f
- name: github.com/evergreen-ci/render
  version: c9e0e54c798fc15217c09d382e207644402bf004
- name: github.com/gorilla/mux
  version: 0ef595e787efa95d68151570ead5c85dc2e05f91
- name: github.com/phyber/negroni-gzip
  version: 48f82605778a579cb8172122897f589e4023b537
- name: github.com/tylerb/graceful
  version: e6d063d837d9bc2313d0be35bfcdb60d63ce9e45
- name: golang.org/x/net
  version: 7dbad50ab5b31073856416cdcfeb2796d682f844
- name: github.com/jacobsa/oglematchers
  version: 4fc24f97b5b74022c2a3f4ca7eed57ca29083d3e
- name: github.com/mongodb/grip
  version: feb3eb22f14c32dcb526e1cd5d9fc77ae19042c8
devImports: []
